
Microsoft Visual Studio Solution File, Format Version 12.00
# Visual Studio 15
VisualStudioVersion = 15.0.28307.271
MinimumVisualStudioVersion = 10.0.40219.1
Project("{FAE04EC0-301F-11D3-BF4B-00C04F79EFBC}") = "2019probazhB", "2019probazhB\2019probazhB.csproj", "{2A1EEA4C-73A4-4D75-8D0F-40916BF5EDAD}"
EndProject
Global
	GlobalSection(SolutionConfigurationPlatforms) = preSolution
		Debug|Any CPU = Debug|Any CPU
		Release|Any CPU = Release|Any CPU
	EndGlobalSection
	GlobalSection(ProjectConfigurationPlatforms) = postSolution
		{2A1EEA4C-73A4-4D75-8D0F-40916BF5EDAD}.Debug|Any CPU.ActiveCfg = Debug|Any CPU
		{2A1EEA4C-73A4-4D75-8D0F-40916BF5EDAD}.Debug|Any CPU.Build.0 = Debug|Any CPU
		{2A1EEA4C-73A4-4D75-8D0F-40916BF5EDAD}.Release|Any CPU.ActiveCfg = Release|Any CPU
		{2A1EEA4C-73A4-4D75-8D0F-40916BF5EDAD}.Release|Any CPU.Build.0 = Release|Any CPU
	EndGlobalSection
	GlobalSection(SolutionProperties) = preSolution
		HideSolutionNode = FALSE
	EndGlobalSection
	GlobalSection(ExtensibilityGlobals) = postSolution
		SolutionGuid = {E2BA4B09-86E5-46BC-B3CF-7991AAC63B4B}
	EndGlobalSection
EndGlobal
